
Microsoft Visual Studio Solution File, Format Version 12.00
Project("{FAE04EC0-301F-11D3-BF4B-00C04F79EFBC}") = "Asp.EzTemplate", "Asp.EzTemplate\Asp.EzTemplate.csproj", "{D1A06582-65FE-41B3-B4B3-8021E41ADFC1}"
EndProject
Global
	GlobalSection(SolutionConfigurationPlatforms) = preSolution
		Debug|Any CPU = Debug|Any CPU
		Release|Any CPU = Release|Any CPU
	EndGlobalSection
	GlobalSection(ProjectConfigurationPlatforms) = postSolution
		{80F28AA2-D664-46BB-9752-2FF00D7F27FE}.Debug|Any CPU.ActiveCfg = Debug|Any CPU
		{80F28AA2-D664-46BB-9752-2FF00D7F27FE}.Debug|Any CPU.Build.0 = Debug|Any CPU
		{80F28AA2-D664-46BB-9752-2FF00D7F27FE}.Release|Any CPU.ActiveCfg = Release|Any CPU
		{80F28AA2-D664-46BB-9752-2FF00D7F27FE}.Release|Any CPU.Build.0 = Release|Any CPU
		{D1A06582-65FE-41B3-B4B3-8021E41ADFC1}.Debug|Any CPU.ActiveCfg = Debug|Any CPU
		{D1A06582-65FE-41B3-B4B3-8021E41ADFC1}.Debug|Any CPU.Build.0 = Debug|Any CPU
		{D1A06582-65FE-41B3-B4B3-8021E41ADFC1}.Release|Any CPU.ActiveCfg = Release|Any CPU
		{D1A06582-65FE-41B3-B4B3-8021E41ADFC1}.Release|Any CPU.Build.0 = Release|Any CPU
	EndGlobalSection
EndGlobal
